// !$*UTF8*$!
{
	archiveVersion = 1;
	classes = {
	};
	objectVersion = 55;
	objects = {

/* Begin PBXBuildFile section */
		FF0540D027575E6E005A1FA3 /* question1-input.io in Sources */ = {isa = PBXBuildFile; fileRef = FF0540CF27575E6E005A1FA3 /* question1-input.io */; };
		FF0540D3275761A4005A1FA3 /* config.swift in Sources */ = {isa = PBXBuildFile; fileRef = FF0540D2275761A4005A1FA3 /* config.swift */; };
		FF411EA82775C31B00AF9375 /* Heap.swift in Sources */ = {isa = PBXBuildFile; fileRef = FF411EA72775C31B00AF9375 /* Heap.swift */; };
		FFFDD7F72756B3CC00CAFE39 /* main.swift in Sources */ = {isa = PBXBuildFile; fileRef = FFFDD7F62756B3CC00CAFE39 /* main.swift */; };
/* End PBXBuildFile section */

/* Begin PBXCopyFilesBuildPhase section */
		FFFDD7F12756B3CC00CAFE39 /* CopyFiles */ = {
			isa = PBXCopyFilesBuildPhase;
			buildActionMask = 2147483647;
			dstPath = /usr/share/man/man1/;
			dstSubfolderSpec = 0;
			files = (
			);
			runOnlyForDeploymentPostprocessing = 1;
		};
/* End PBXCopyFilesBuildPhase section */

/* Begin PBXFileReference section */
		FF0540CF27575E6E005A1FA3 /* question1-input.io */ = {isa = PBXFileReference; lastKnownFileType = text; path = "question1-input.io"; sourceTree = "<group>"; };
		FF0540D2275761A4005A1FA3 /* config.swift */ = {isa = PBXFileReference; lastKnownFileType = sourcecode.swift; path = config.swift; sourceTree = "<group>"; };
		FF0540D4275761E9005A1FA3 /* question2-input.io */ = {isa = PBXFileReference; lastKnownFileType = text; path = "question2-input.io"; sourceTree = "<group>"; };
		FF411EA72775C31B00AF9375 /* Heap.swift */ = {isa = PBXFileReference; fileEncoding = 4; lastKnownFileType = sourcecode.swift; name = Heap.swift; path = ../../../Heap.swift; sourceTree = "<group>"; };
		FFA4AEE12758BD22006D26BB /* sample-input.io */ = {isa = PBXFileReference; fileEncoding = 4; lastKnownFileType = text; path = "sample-input.io"; sourceTree = "<group>"; };
		FFFDD7F32756B3CC00CAFE39 /* advent-of-code-2021 */ = {isa = PBXFileReference; explicitFileType = "compiled.mach-o.executable"; includeInIndex = 0; path = "advent-of-code-2021"; sourceTree = BUILT_PRODUCTS_DIR; };
		FFFDD7F62756B3CC00CAFE39 /* main.swift */ = {isa = PBXFileReference; lastKnownFileType = sourcecode.swift; path = main.swift; sourceTree = "<group>"; };
/* End PBXFileReference section */

/* Begin PBXFrameworksBuildPhase section */
		FFFDD7F02756B3CC00CAFE39 /* Frameworks */ = {
			isa = PBXFrameworksBuildPhase;
			buildActionMask = 2147483647;
			files = (
			);
			runOnlyForDeploymentPostprocessing = 0;
		};
/* End PBXFrameworksBuildPhase section */

/* Begin PBXGroup section */
		FF0540D127575E72005A1FA3 /* io */ = {
			isa = PBXGroup;
			children = (
				FF0540CF27575E6E005A1FA3 /* question1-input.io */,
				FF0540D4275761E9005A1FA3 /* question2-input.io */,
				FFA4AEE12758BD22006D26BB /* sample-input.io */,
			);
			path = io;
			sourceTree = "<group>";
		};
		FFFDD7EA2756B3CC00CAFE39 = {
			isa = PBXGroup;
			children = (
				FFFDD7F52756B3CC00CAFE39 /* advent-of-code-2021 */,
				FFFDD7F42756B3CC00CAFE39 /* Products */,
			);
			sourceTree = "<group>";
		};
		FFFDD7F42756B3CC00CAFE39 /* Products */ = {
			isa = PBXGroup;
			children = (
				FFFDD7F32756B3CC00CAFE39 /* advent-of-code-2021 */,
			);
			name = Products;
			sourceTree = "<group>";
		};
		FFFDD7F52756B3CC00CAFE39 /* advent-of-code-2021 */ = {
			isa = PBXGroup;
			children = (
				FF0540D2275761A4005A1FA3 /* config.swift */,
				FF0540D127575E72005A1FA3 /* io */,
				FFFDD7F62756B3CC00CAFE39 /* main.swift */,
				FF411EA72775C31B00AF9375 /* Heap.swift */,
			);
			path = "advent-of-code-2021";
			sourceTree = "<group>";
		};
/* End PBXGroup section */

/* Begin PBXNativeTarget section */
		FFFDD7F22756B3CC00CAFE39 /* advent-of-code-2021 */ = {
			isa = PBXNativeTarget;
			buildConfigurationList = FFFDD7FA2756B3CC00CAFE39 /* Build configuration list for PBXNativeTarget "advent-of-code-2021" */;
			buildPhases = (
				FFFDD7EF2756B3CC00CAFE39 /* Sources */,
				FFFDD7F02756B3CC00CAFE39 /* Frameworks */,
				FFFDD7F12756B3CC00CAFE39 /* CopyFiles */,
			);
			buildRules = (
			);
			dependencies = (
			);
			name = "advent-of-code-2021";
			productName = "advent-of-code-2021";
			productReference = FFFDD7F32756B3CC00CAFE39 /* advent-of-code-2021 */;
			productType = "com.apple.product-type.tool";
		};
/* End PBXNativeTarget section */

/* Begin PBXProject section */
		FFFDD7EB2756B3CC00CAFE39 /* Project object */ = {
			isa = PBXProject;
			attributes = {
				BuildIndependentTargetsInParallel = 1;
				LastSwiftUpdateCheck = 1310;
				LastUpgradeCheck = 1310;
				TargetAttributes = {
					FFFDD7F22756B3CC00CAFE39 = {
						CreatedOnToolsVersion = 13.1;
					};
				};
			};
			buildConfigurationList = FFFDD7EE2756B3CC00CAFE39 /* Build configuration list for PBXProject "advent-of-code-2021" */;
			compatibilityVersion = "Xcode 13.0";
			developmentRegion = en;
			hasScannedForEncodings = 0;
			knownRegions = (
				en,
				Base,
			);
			mainGroup = FFFDD7EA2756B3CC00CAFE39;
			productRefGroup = FFFDD7F42756B3CC00CAFE39 /* Products */;
			projectDirPath = "";
			projectRoot = "";
			targets = (
				FFFDD7F22756B3CC00CAFE39 /* advent-of-code-2021 */,
			);
		};
/* End PBXProject section */

/* Begin PBXSourcesBuildPhase section */
		FFFDD7EF2756B3CC00CAFE39 /* Sources */ = {
			isa = PBXSourcesBuildPhase;
			buildActionMask = 2147483647;
			files = (
				FF0540D3275761A4005A1FA3 /* config.swift in Sources */,
				FFFDD7F72756B3CC00CAFE39 /* main.swift in Sources */,
				FF0540D027575E6E005A1FA3 /* question1-input.io in Sources */,
				FF411EA82775C31B00AF9375 /* Heap.swift in Sources */,
			);
			runOnlyForDeploymentPostprocessing = 0;
		};
/* End PBXSourcesBuildPhase section */

/* Begin XCBuildConfiguration section */
		FFFDD7F82756B3CC00CAFE39 /* Debug */ = {
			isa = XCBuildConfiguration;
			buildSettings = {
				ALWAYS_SEARCH_USER_PATHS = NO;
				CLANG_ANALYZER_NONNULL = YES;
				CLANG_ANALYZER_NUMBER_OBJECT_CONVERSION = YES_AGGRESSIVE;
				CLANG_CXX_LANGUAGE_STANDARD = "gnu++17";
				CLANG_CXX_LIBRARY = "libc++";
				CLANG_ENABLE_MODULES = YES;
				CLANG_ENABLE_OBJC_ARC = YES;
				CLANG_ENABLE_OBJC_WEAK = YES;
				CLANG_WARN_BLOCK_CAPTURE_AUTORELEASING = YES;
				CLANG_WARN_BOOL_CONVERSION = YES;
				CLANG_WARN_COMMA = YES;
				CLANG_WARN_CONSTANT_CONVERSION = YES;
				CLANG_WARN_DEPRECATED_OBJC_IMPLEMENTATIONS = YES;
				CLANG_WARN_DIRECT_OBJC_ISA_USAGE = YES_ERROR;
				CLANG_WARN_DOCUMENTATION_COMMENTS = YES;
				CLANG_WARN_EMPTY_BODY = YES;
				CLANG_WARN_ENUM_CONVERSION = YES;
				CLANG_WARN_INFINITE_RECURSION = YES;
				CLANG_WARN_INT_CONVERSION = YES;
				CLANG_WARN_NON_LITERAL_NULL_CONVERSION = YES;
				CLANG_WARN_OBJC_IMPLICIT_RETAIN_SELF = YES;
				CLANG_WARN_OBJC_LITERAL_CONVERSION = YES;
				CLANG_WARN_OBJC_ROOT_CLASS = YES_ERROR;
				CLANG_WARN_QUOTED_INCLUDE_IN_FRAMEWORK_HEADER = YES;
				CLANG_WARN_RANGE_LOOP_ANALYSIS = YES;
				CLANG_WARN_STRICT_PROTOTYPES = YES;
				CLANG_WARN_SUSPICIOUS_MOVE = YES;
				CLANG_WARN_UNGUARDED_AVAILABILITY = YES_AGGRESSIVE;
				CLANG_WARN_UNREACHABLE_CODE = YES;
				CLANG_WARN__DUPLICATE_METHOD_MATCH = YES;
				COPY_PHASE_STRIP = NO;
				DEBUG_INFORMATION_FORMAT = dwarf;
				ENABLE_STRICT_OBJC_MSGSEND = YES;
				ENABLE_TESTABILITY = YES;
				GCC_C_LANGUAGE_STANDARD = gnu11;
				GCC_DYNAMIC_NO_PIC = NO;
				GCC_NO_COMMON_BLOCKS = YES;
				GCC_OPTIMIZATION_LEVEL = 0;
				GCC_PREPROCESSOR_DEFINITIONS = (
					"DEBUG=1",
					"$(inherited)",
				);
				GCC_WARN_64_TO_32_BIT_CONVERSION = YES;
				GCC_WARN_ABOUT_RETURN_TYPE = YES_ERROR;
				GCC_WARN_UNDECLARED_SELECTOR = YES;
				GCC_WARN_UNINITIALIZED_AUTOS = YES_AGGRESSIVE;
				GCC_WARN_UNUSED_FUNCTION = YES;
				GCC_WARN_UNUSED_VARIABLE = YES;
				MACOSX_DEPLOYMENT_TARGET = 12.0;
				MTL_ENABLE_DEBUG_INFO = INCLUDE_SOURCE;
				MTL_FAST_MATH = YES;
				ONLY_ACTIVE_ARCH = YES;
				SDKROOT = macosx;
				SWIFT_ACTIVE_COMPILATION_CONDITIONS = DEBUG;
				SWIFT_OPTIMIZATION_LEVEL = "-Onone";
			};
			name = Debug;
		};
		FFFDD7F92756B3CC00CAFE39 /* Release */ = {
			isa = XCBuildConfiguration;
			buildSettings = {
				ALWAYS_SEARCH_USER_PATHS = NO;
				CLANG_ANALYZER_NONNULL = YES;
				CLANG_ANALYZER_NUMBER_OBJECT_CONVERSION = YES_AGGRESSIVE;
				CLANG_CXX_LANGUAGE_STANDARD = "gnu++17";
				CLANG_CXX_LIBRARY = "libc++";
				CLANG_ENABLE_MODULES = YES;
				CLANG_ENABLE_OBJC_ARC = YES;
				CLANG_ENABLE_OBJC_WEAK = YES;
				CLANG_WARN_BLOCK_CAPTURE_AUTORELEASING = YES;
				CLANG_WARN_BOOL_CONVERSION = YES;
				CLANG_WARN_COMMA = YES;
				CLANG_WARN_CONSTANT_CONVERSION = YES;
				CLANG_WARN_DEPRECATED_OBJC_IMPLEMENTATIONS = YES;
				CLANG_WARN_DIRECT_OBJC_ISA_USAGE = YES_ERROR;
				CLANG_WARN_DOCUMENTATION_COMMENTS = YES;
				CLANG_WARN_EMPTY_BODY = YES;
				CLANG_WARN_ENUM_CONVERSION = YES;
				CLANG_WARN_INFINITE_RECURSION = YES;
				CLANG_WARN_INT_CONVERSION = YES;
				CLANG_WARN_NON_LITERAL_NULL_CONVERSION = YES;
				CLANG_WARN_OBJC_IMPLICIT_RETAIN_SELF = YES;
				CLANG_WARN_OBJC_LITERAL_CONVERSION = YES;
				CLANG_WARN_OBJC_ROOT_CLASS = YES_ERROR;
				CLANG_WARN_QUOTED_INCLUDE_IN_FRAMEWORK_HEADER = YES;
				CLANG_WARN_RANGE_LOOP_ANALYSIS = YES;
				CLANG_WARN_STRICT_PROTOTYPES = YES;
				CLANG_WARN_SUSPICIOUS_MOVE = YES;
				CLANG_WARN_UNGUARDED_AVAILABILITY = YES_AGGRESSIVE;
				CLANG_WARN_UNREACHABLE_CODE = YES;
				CLANG_WARN__DUPLICATE_METHOD_MATCH = YES;
				COPY_PHASE_STRIP = NO;
				DEBUG_INFORMATION_FORMAT = "dwarf-with-dsym";
				ENABLE_NS_ASSERTIONS = NO;
				ENABLE_STRICT_OBJC_MSGSEND = YES;
				GCC_C_LANGUAGE_STANDARD = gnu11;
				GCC_NO_COMMON_BLOCKS = YES;
				GCC_WARN_64_TO_32_BIT_CONVERSION = YES;
				GCC_WARN_ABOUT_RETURN_TYPE = YES_ERROR;
				GCC_WARN_UNDECLARED_SELECTOR = YES;
				GCC_WARN_UNINITIALIZED_AUTOS = YES_AGGRESSIVE;
				GCC_WARN_UNUSED_FUNCTION = YES;
				GCC_WARN_UNUSED_VARIABLE = YES;
				MACOSX_DEPLOYMENT_TARGET = 12.0;
				MTL_ENABLE_DEBUG_INFO = NO;
				MTL_FAST_MATH = YES;
				SDKROOT = macosx;
				SWIFT_COMPILATION_MODE = wholemodule;
				SWIFT_OPTIMIZATION_LEVEL = "-O";
			};
			name = Release;
		};
		FFFDD7FB2756B3CC00CAFE39 /* Debug */ = {
			isa = XCBuildConfiguration;
			buildSettings = {
				CODE_SIGN_STYLE = Automatic;
				DEVELOPMENT_TEAM = 2A59FUGCBE;
				ENABLE_HARDENED_RUNTIME = YES;
				PRODUCT_NAME = "$(TARGET_NAME)";
				SWIFT_VERSION = 5.0;
			};
			name = Debug;
		};
		FFFDD7FC2756B3CC00CAFE39 /* Release */ = {
			isa = XCBuildConfiguration;
			buildSettings = {
				CODE_SIGN_STYLE = Automatic;
				DEVELOPMENT_TEAM = 2A59FUGCBE;
				ENABLE_HARDENED_RUNTIME = YES;
				PRODUCT_NAME = "$(TARGET_NAME)";
				SWIFT_VERSION = 5.0;
			};
			name = Release;
		};
/* End XCBuildConfiguration section */

/* Begin XCConfigurationList section */
		FFFDD7EE2756B3CC00CAFE39 /* Build configuration list for PBXProject "advent-of-code-2021" */ = {
			isa = XCConfigurationList;
			buildConfigurations = (
				FFFDD7F82756B3CC00CAFE39 /* Debug */,
				FFFDD7F92756B3CC00CAFE39 /* Release */,
			);
			defaultConfigurationIsVisible = 0;
			defaultConfigurationName = Release;
		};
		FFFDD7FA2756B3CC00CAFE39 /* Build configuration list for PBXNativeTarget "advent-of-code-2021" */ = {
			isa = XCConfigurationList;
			buildConfigurations = (
				FFFDD7FB2756B3CC00CAFE39 /* Debug */,
				FFFDD7FC2756B3CC00CAFE39 /* Release */,
			);
			defaultConfigurationIsVisible = 0;
			defaultConfigurationName = Release;
		};
/* End XCConfigurationList section */
	};
	rootObject = FFFDD7EB2756B3CC00CAFE39 /* Project object */;
}
